
Microsoft Visual Studio Solution File, Format Version 12.00
# Visual Studio Version 17
VisualStudioVersion = 17.0.31903.59
MinimumVisualStudioVersion = 10.0.40219.1
Project("{2150E333-8FDC-42A3-9474-1A3956D46DE8}") = "Practice_1", "Practice_1", "{081C821D-10B6-4553-A8A9-5A03B58CF091}"
EndProject
Project("{FAE04EC0-301F-11D3-BF4B-00C04F79EFBC}") = "Practice_1", "Practice_1\Practice_1\Practice_1.csproj", "{34C9E015-1C0A-4A31-8821-163B6D0D7BD5}"
EndProject
Project("{FAE04EC0-301F-11D3-BF4B-00C04F79EFBC}") = "TestPractice_1", "Practice_1\TestPractice_1\TestPractice_1.csproj", "{6C97B130-8C10-4513-B294-41ADD5F05BF5}"
EndProject
Global
	GlobalSection(SolutionConfigurationPlatforms) = preSolution
		Debug|Any CPU = Debug|Any CPU
		Release|Any CPU = Release|Any CPU
	EndGlobalSection
	GlobalSection(SolutionProperties) = preSolution
		HideSolutionNode = FALSE
	EndGlobalSection
	GlobalSection(NestedProjects) = preSolution
		{34C9E015-1C0A-4A31-8821-163B6D0D7BD5} = {081C821D-10B6-4553-A8A9-5A03B58CF091}
		{6C97B130-8C10-4513-B294-41ADD5F05BF5} = {081C821D-10B6-4553-A8A9-5A03B58CF091}
	EndGlobalSection
	GlobalSection(ProjectConfigurationPlatforms) = postSolution
		{34C9E015-1C0A-4A31-8821-163B6D0D7BD5}.Debug|Any CPU.ActiveCfg = Debug|Any CPU
		{34C9E015-1C0A-4A31-8821-163B6D0D7BD5}.Debug|Any CPU.Build.0 = Debug|Any CPU
		{34C9E015-1C0A-4A31-8821-163B6D0D7BD5}.Release|Any CPU.ActiveCfg = Release|Any CPU
		{34C9E015-1C0A-4A31-8821-163B6D0D7BD5}.Release|Any CPU.Build.0 = Release|Any CPU
		{6C97B130-8C10-4513-B294-41ADD5F05BF5}.Debug|Any CPU.ActiveCfg = Debug|Any CPU
		{6C97B130-8C10-4513-B294-41ADD5F05BF5}.Debug|Any CPU.Build.0 = Debug|Any CPU
		{6C97B130-8C10-4513-B294-41ADD5F05BF5}.Release|Any CPU.ActiveCfg = Release|Any CPU
		{6C97B130-8C10-4513-B294-41ADD5F05BF5}.Release|Any CPU.Build.0 = Release|Any CPU
	EndGlobalSection
EndGlobal
